
Microsoft Visual Studio Solution File, Format Version 12.00
# Visual Studio 2012
Project("{FAE04EC0-301F-11D3-BF4B-00C04F79EFBC}") = "MW-Online Remote Console", "MW-Online Remote Console\MW-Online Remote Console.csproj", "{8EA231BC-B0B5-426C-A8CA-000F1248C80E}"
EndProject
Global
	GlobalSection(SolutionConfigurationPlatforms) = preSolution
		Debug|Any CPU = Debug|Any CPU
		Release|Any CPU = Release|Any CPU
	EndGlobalSection
	GlobalSection(ProjectConfigurationPlatforms) = postSolution
		{8EA231BC-B0B5-426C-A8CA-000F1248C80E}.Debug|Any CPU.ActiveCfg = Debug|Any CPU
		{8EA231BC-B0B5-426C-A8CA-000F1248C80E}.Debug|Any CPU.Build.0 = Debug|Any CPU
		{8EA231BC-B0B5-426C-A8CA-000F1248C80E}.Release|Any CPU.ActiveCfg = Release|Any CPU
		{8EA231BC-B0B5-426C-A8CA-000F1248C80E}.Release|Any CPU.Build.0 = Release|Any CPU
	EndGlobalSection
	GlobalSection(SolutionProperties) = preSolution
		HideSolutionNode = FALSE
	EndGlobalSection
EndGlobal
